Microsoft Visual Studio Solution File, Format Version 12.00
# Visual Studio Version 17
VisualStudioVersion = 17.5.2.0
MinimumVisualStudioVersion = 10.0.40219.1
Project("{FAE04EC0-301F-11D3-BF4B-00C04F79EFBC}") = "PracticeAvalonia", "PracticeAvalonia.csproj", "{06BD7966-35C3-060D-B741-94D0E5ECABE7}"
EndProject
Global
	GlobalSection(SolutionConfigurationPlatforms) = preSolution
		Debug|Any CPU = Debug|Any CPU
		Release|Any CPU = Release|Any CPU
	EndGlobalSection
	GlobalSection(ProjectConfigurationPlatforms) = postSolution
		{06BD7966-35C3-060D-B741-94D0E5ECABE7}.Debug|Any CPU.ActiveCfg = Debug|Any CPU
		{06BD7966-35C3-060D-B741-94D0E5ECABE7}.Debug|Any CPU.Build.0 = Debug|Any CPU
		{06BD7966-35C3-060D-B741-94D0E5ECABE7}.Release|Any CPU.ActiveCfg = Release|Any CPU
		{06BD7966-35C3-060D-B741-94D0E5ECABE7}.Release|Any CPU.Build.0 = Release|Any CPU
	EndGlobalSection
	GlobalSection(SolutionProperties) = preSolution
		HideSolutionNode = FALSE
	EndGlobalSection
	GlobalSection(ExtensibilityGlobals) = postSolution
		SolutionGuid = {415693EB-C149-4904-9E60-53D9A3FA2A23}
	EndGlobalSection
EndGlobal
